{
    "_meta": {
        "hash": {
            "sha256": "827c7beb99e79141f4e68da7e66a582352885057b71263d01906db18b83918a2"
        },
        "pipfile-spec": 6,
        "requires": {
            "python_version": "3.7"
        },
        "sources": [
            {
                "name": "pypi",
                "url": "https://pypi.org/simple",
                "verify_ssl": true
            }
        ]
    },
    "default": {
        "avro-python3": {
            "hashes": [
                "sha256:ca1e77a3da5ac98e8833588f71fb2e170b38e34787ee0e04920de0e9470b7d32"
            ],
            "index": "pypi",
            "version": "==1.9.2.1"
        }
    },
    "develop": {}
}
